Microsoft Visual Studio Solution File, Format Version 12.00
# Visual Studio 2012
Project("{8BC9CEB8-8B4A-11D0-8D11-00A0C91BC942}") = "fftreal", "C:/keymaster/Roblox2016/Library/Qt/demos/spectrum/3rdparty/fftreal\fftreal.vcxproj", "{EF547052-DDFD-3187-AA45-1E4FC4641C5D}"
EndProject
Project("{8BC9CEB8-8B4A-11D0-8D11-00A0C91BC942}") = "spectrum", "C:/keymaster/Roblox2016/Library/Qt/demos/spectrum/app\spectrum.vcxproj", "{6AC4792D-00C7-3614-BDF6-4E8D7D11972A}"
EndProject
Global
	GlobalSection(SolutionConfiguration) = preSolution
		ConfigName.0 = Debug|Win32
		ConfigName.1 = Release|Win32
	EndGlobalSection
	GlobalSection(ProjectDependencies) = postSolution
		{6AC4792D-00C7-3614-BDF6-4E8D7D11972A}.0 = {EF547052-DDFD-3187-AA45-1E4FC4641C5D}
	EndGlobalSection
	GlobalSection(ProjectConfiguration) = postSolution
		{EF547052-DDFD-3187-AA45-1E4FC4641C5D}.Debug|Win32.ActiveCfg = Debug|Win32
		{EF547052-DDFD-3187-AA45-1E4FC4641C5D}.Debug|Win32.Build.0 = Debug|Win32
		{EF547052-DDFD-3187-AA45-1E4FC4641C5D}.Release|Win32.ActiveCfg = Release|Win32
		{EF547052-DDFD-3187-AA45-1E4FC4641C5D}.Release|Win32.Build.0 = Release|Win32
		{6AC4792D-00C7-3614-BDF6-4E8D7D11972A}.Debug|Win32.ActiveCfg = Debug|Win32
		{6AC4792D-00C7-3614-BDF6-4E8D7D11972A}.Debug|Win32.Build.0 = Debug|Win32
		{6AC4792D-00C7-3614-BDF6-4E8D7D11972A}.Release|Win32.ActiveCfg = Release|Win32
		{6AC4792D-00C7-3614-BDF6-4E8D7D11972A}.Release|Win32.Build.0 = Release|Win32
	EndGlobalSection
	GlobalSection(ExtensibilityGlobals) = postSolution
	EndGlobalSection
	GlobalSection(ExtensibilityAddIns) = postSolution
	EndGlobalSection
EndGlobal